
Microsoft Visual Studio Solution File, Format Version 12.00
# Visual Studio 15
VisualStudioVersion = 15.0.28307.329
MinimumVisualStudioVersion = 10.0.40219.1
Project("{FAE04EC0-301F-11D3-BF4B-00C04F79EFBC}") = "TestNetCore", "TestNetCore\TestNetCore.csproj", "{99BEB74C-ECF2-4497-ABA4-4B2DB9FD6042}"
EndProject
Global
	GlobalSection(SolutionConfigurationPlatforms) = preSolution
		Debug|Any CPU = Debug|Any CPU
		Release|Any CPU = Release|Any CPU
	EndGlobalSection
	GlobalSection(ProjectConfigurationPlatforms) = postSolution
		{99BEB74C-ECF2-4497-ABA4-4B2DB9FD6042}.Debug|Any CPU.ActiveCfg = Debug|Any CPU
		{99BEB74C-ECF2-4497-ABA4-4B2DB9FD6042}.Debug|Any CPU.Build.0 = Debug|Any CPU
		{99BEB74C-ECF2-4497-ABA4-4B2DB9FD6042}.Release|Any CPU.ActiveCfg = Release|Any CPU
		{99BEB74C-ECF2-4497-ABA4-4B2DB9FD6042}.Release|Any CPU.Build.0 = Release|Any CPU
	EndGlobalSection
	GlobalSection(SolutionProperties) = preSolution
		HideSolutionNode = FALSE
	EndGlobalSection
	GlobalSection(ExtensibilityGlobals) = postSolution
		SolutionGuid = {F36EDBAE-0FA3-4549-9E8B-0577FD26603C}
	EndGlobalSection
EndGlobal
